// !$*UTF8*$!
{
	archiveVersion = 1;
	classes = {
	};
	objectVersion = 46;
	objects = {

/* Begin PBXBuildFile section */
		0E216BF41DD5852A00E037E6 /* libjson-c.2.dylib in Frameworks */ = {isa = PBXBuildFile; fileRef = 0E216BF31DD5852A00E037E6 /* libjson-c.2.dylib */; };
		0ECE543D1DC106B5006C021F /* main.c in Sources */ = {isa = PBXBuildFile; fileRef = 0ECE543C1DC106B5006C021F /* main.c */; };
		0ECE54451DC106DE006C021F /* CSMapi.c in Sources */ = {isa = PBXBuildFile; fileRef = 0ECE54431DC106DE006C021F /* CSMapi.c */; };
		0ED07C021DC1BA3500E8C28F /* libcurl.4.tbd in Frameworks */ = {isa = PBXBuildFile; fileRef = 0ED07C011DC1BA3500E8C28F /* libcurl.4.tbd */; };
/* End PBXBuildFile section */

/* Begin PBXCopyFilesBuildPhase section */
		0ECE54371DC106B5006C021F /* CopyFiles */ = {
			isa = PBXCopyFilesBuildPhase;
			buildActionMask = 2147483647;
			dstPath = /usr/share/man/man1/;
			dstSubfolderSpec = 0;
			files = (
			);
			runOnlyForDeploymentPostprocessing = 1;
		};
/* End PBXCopyFilesBuildPhase section */

/* Begin PBXFileReference section */
		0E216BF31DD5852A00E037E6 /* libjson-c.2.dylib */ = {isa = PBXFileReference; lastKnownFileType = "compiled.mach-o.dylib"; name = "libjson-c.2.dylib"; path = "../../../../usr/local/Cellar/json-c/0.12/lib/libjson-c.2.dylib"; sourceTree = "<group>"; };
		0ECE54391DC106B5006C021F /* CSMapi */ = {isa = PBXFileReference; explicitFileType = "compiled.mach-o.executable"; includeInIndex = 0; path = CSMapi; sourceTree = BUILT_PRODUCTS_DIR; };
		0ECE543C1DC106B5006C021F /* main.c */ = {isa = PBXFileReference; lastKnownFileType = sourcecode.c.c; path = main.c; sourceTree = "<group>"; };
		0ECE54431DC106DE006C021F /* CSMapi.c */ = {isa = PBXFileReference; fileEncoding = 4; lastKnownFileType = sourcecode.c.c; path = CSMapi.c; sourceTree = "<group>"; };
		0ECE54441DC106DE006C021F /* CSMapi.h */ = {isa = PBXFileReference; fileEncoding = 4; lastKnownFileType = sourcecode.c.h; path = CSMapi.h; sourceTree = "<group>"; };
		0ED07C011DC1BA3500E8C28F /* libcurl.4.tbd */ = {isa = PBXFileReference; lastKnownFileType = "sourcecode.text-based-dylib-definition"; name = libcurl.4.tbd; path = usr/lib/libcurl.4.tbd; sourceTree = SDKROOT; };
/* End PBXFileReference section */

/* Begin PBXFrameworksBuildPhase section */
		0ECE54361DC106B5006C021F /* Frameworks */ = {
			isa = PBXFrameworksBuildPhase;
			buildActionMask = 2147483647;
			files = (
				0E216BF41DD5852A00E037E6 /* libjson-c.2.dylib in Frameworks */,
				0ED07C021DC1BA3500E8C28F /* libcurl.4.tbd in Frameworks */,
			);
			runOnlyForDeploymentPostprocessing = 0;
		};
/* End PBXFrameworksBuildPhase section */

/* Begin PBXGroup section */
		0ECE54301DC106B5006C021F = {
			isa = PBXGroup;
			children = (
				0ECE543B1DC106B5006C021F /* CSMapi */,
				0ECE543A1DC106B5006C021F /* Products */,
				0ED07C001DC1BA3500E8C28F /* Frameworks */,
			);
			sourceTree = "<group>";
		};
		0ECE543A1DC106B5006C021F /* Products */ = {
			isa = PBXGroup;
			children = (
				0ECE54391DC106B5006C021F /* CSMapi */,
			);
			name = Products;
			sourceTree = "<group>";
		};
		0ECE543B1DC106B5006C021F /* CSMapi */ = {
			isa = PBXGroup;
			children = (
				0ECE543C1DC106B5006C021F /* main.c */,
				0ECE54431DC106DE006C021F /* CSMapi.c */,
				0ECE54441DC106DE006C021F /* CSMapi.h */,
			);
			path = CSMapi;
			sourceTree = "<group>";
		};
		0ED07C001DC1BA3500E8C28F /* Frameworks */ = {
			isa = PBXGroup;
			children = (
				0E216BF31DD5852A00E037E6 /* libjson-c.2.dylib */,
				0ED07C011DC1BA3500E8C28F /* libcurl.4.tbd */,
			);
			name = Frameworks;
			sourceTree = "<group>";
		};
/* End PBXGroup section */

/* Begin PBXNativeTarget section */
		0ECE54381DC106B5006C021F /* CSMapi */ = {
			isa = PBXNativeTarget;
			buildConfigurationList = 0ECE54401DC106B5006C021F /* Build configuration list for PBXNativeTarget "CSMapi" */;
			buildPhases = (
				0ECE54351DC106B5006C021F /* Sources */,
				0ECE54361DC106B5006C021F /* Frameworks */,
				0ECE54371DC106B5006C021F /* CopyFiles */,
			);
			buildRules = (
			);
			dependencies = (
			);
			name = CSMapi;
			productName = CSMapi;
			productReference = 0ECE54391DC106B5006C021F /* CSMapi */;
			productType = "com.apple.product-type.tool";
		};
/* End PBXNativeTarget section */

/* Begin PBXProject section */
		0ECE54311DC106B5006C021F /* Project object */ = {
			isa = PBXProject;
			attributes = {
				LastUpgradeCheck = 0810;
				ORGANIZATIONNAME = "陳立寬";
				TargetAttributes = {
					0ECE54381DC106B5006C021F = {
						CreatedOnToolsVersion = 8.0;
						ProvisioningStyle = Automatic;
					};
				};
			};
			buildConfigurationList = 0ECE54341DC106B5006C021F /* Build configuration list for PBXProject "CSMapi" */;
			compatibilityVersion = "Xcode 3.2";
			developmentRegion = English;
			hasScannedForEncodings = 0;
			knownRegions = (
				en,
			);
			mainGroup = 0ECE54301DC106B5006C021F;
			productRefGroup = 0ECE543A1DC106B5006C021F /* Products */;
			projectDirPath = "";
			projectRoot = "";
			targets = (
				0ECE54381DC106B5006C021F /* CSMapi */,
			);
		};
/* End PBXProject section */

/* Begin PBXSourcesBuildPhase section */
		0ECE54351DC106B5006C021F /* Sources */ = {
			isa = PBXSourcesBuildPhase;
			buildActionMask = 2147483647;
			files = (
				0ECE54451DC106DE006C021F /* CSMapi.c in Sources */,
				0ECE543D1DC106B5006C021F /* main.c in Sources */,
			);
			runOnlyForDeploymentPostprocessing = 0;
		};
/* End PBXSourcesBuildPhase section */

/* Begin XCBuildConfiguration section */
		0ECE543E1DC106B5006C021F /* Debug */ = {
			isa = XCBuildConfiguration;
			buildSettings = {
				ALWAYS_SEARCH_USER_PATHS = NO;
				CLANG_ANALYZER_NONNULL = YES;
				CLANG_CXX_LANGUAGE_STANDARD = "gnu++0x";
				CLANG_CXX_LIBRARY = "libc++";
				CLANG_ENABLE_MODULES = YES;
				CLANG_ENABLE_OBJC_ARC = YES;
				CLANG_WARN_BOOL_CONVERSION = YES;
				CLANG_WARN_CONSTANT_CONVERSION = YES;
				CLANG_WARN_DIRECT_OBJC_ISA_USAGE = YES_ERROR;
				CLANG_WARN_DOCUMENTATION_COMMENTS = YES;
				CLANG_WARN_EMPTY_BODY = YES;
				CLANG_WARN_ENUM_CONVERSION = YES;
				CLANG_WARN_INFINITE_RECURSION = YES;
				CLANG_WARN_INT_CONVERSION = YES;
				CLANG_WARN_OBJC_ROOT_CLASS = YES_ERROR;
				CLANG_WARN_SUSPICIOUS_MOVE = YES;
				CLANG_WARN_SUSPICIOUS_MOVES = YES;
				CLANG_WARN_UNREACHABLE_CODE = YES;
				CLANG_WARN__DUPLICATE_METHOD_MATCH = YES;
				CODE_SIGN_IDENTITY = "-";
				COPY_PHASE_STRIP = NO;
				DEBUG_INFORMATION_FORMAT = dwarf;
				ENABLE_STRICT_OBJC_MSGSEND = YES;
				ENABLE_TESTABILITY = YES;
				GCC_C_LANGUAGE_STANDARD = gnu99;
				GCC_DYNAMIC_NO_PIC = NO;
				GCC_NO_COMMON_BLOCKS = YES;
				GCC_OPTIMIZATION_LEVEL = 0;
				GCC_PREPROCESSOR_DEFINITIONS = (
					"DEBUG=1",
					"$(inherited)",
				);
				GCC_WARN_64_TO_32_BIT_CONVERSION = YES;
				GCC_WARN_ABOUT_RETURN_TYPE = YES_ERROR;
				GCC_WARN_UNDECLARED_SELECTOR = YES;
				GCC_WARN_UNINITIALIZED_AUTOS = YES_AGGRESSIVE;
				GCC_WARN_UNUSED_FUNCTION = YES;
				GCC_WARN_UNUSED_VARIABLE = YES;
				MACOSX_DEPLOYMENT_TARGET = 10.12;
				MTL_ENABLE_DEBUG_INFO = YES;
				ONLY_ACTIVE_ARCH = YES;
				SDKROOT = macosx;
			};
			name = Debug;
		};
		0ECE543F1DC106B5006C021F /* Release */ = {
			isa = XCBuildConfiguration;
			buildSettings = {
				ALWAYS_SEARCH_USER_PATHS = NO;
				CLANG_ANALYZER_NONNULL = YES;
				CLANG_CXX_LANGUAGE_STANDARD = "gnu++0x";
				CLANG_CXX_LIBRARY = "libc++";
				CLANG_ENABLE_MODULES = YES;
				CLANG_ENABLE_OBJC_ARC = YES;
				CLANG_WARN_BOOL_CONVERSION = YES;
				CLANG_WARN_CONSTANT_CONVERSION = YES;
				CLANG_WARN_DIRECT_OBJC_ISA_USAGE = YES_ERROR;
				CLANG_WARN_DOCUMENTATION_COMMENTS = YES;
				CLANG_WARN_EMPTY_BODY = YES;
				CLANG_WARN_ENUM_CONVERSION = YES;
				CLANG_WARN_INFINITE_RECURSION = YES;
				CLANG_WARN_INT_CONVERSION = YES;
				CLANG_WARN_OBJC_ROOT_CLASS = YES_ERROR;
				CLANG_WARN_SUSPICIOUS_MOVE = YES;
				CLANG_WARN_SUSPICIOUS_MOVES = YES;
				CLANG_WARN_UNREACHABLE_CODE = YES;
				CLANG_WARN__DUPLICATE_METHOD_MATCH = YES;
				CODE_SIGN_IDENTITY = "-";
				COPY_PHASE_STRIP = NO;
				DEBUG_INFORMATION_FORMAT = "dwarf-with-dsym";
				ENABLE_NS_ASSERTIONS = NO;
				ENABLE_STRICT_OBJC_MSGSEND = YES;
				GCC_C_LANGUAGE_STANDARD = gnu99;
				GCC_NO_COMMON_BLOCKS = YES;
				GCC_WARN_64_TO_32_BIT_CONVERSION = YES;
				GCC_WARN_ABOUT_RETURN_TYPE = YES_ERROR;
				GCC_WARN_UNDECLARED_SELECTOR = YES;
				GCC_WARN_UNINITIALIZED_AUTOS = YES_AGGRESSIVE;
				GCC_WARN_UNUSED_FUNCTION = YES;
				GCC_WARN_UNUSED_VARIABLE = YES;
				MACOSX_DEPLOYMENT_TARGET = 10.12;
				MTL_ENABLE_DEBUG_INFO = NO;
				SDKROOT = macosx;
			};
			name = Release;
		};
		0ECE54411DC106B5006C021F /* Debug */ = {
			isa = XCBuildConfiguration;
			buildSettings = {
				GCC_C_LANGUAGE_STANDARD = c89;
				LIBRARY_SEARCH_PATHS = (
					"$(inherited)",
					"/usr/local/Cellar/json-c/0.12/lib",
				);
				OTHER_CFLAGS = (
					"-I",
					"/usr/local/Cellar/json-c/0.12/include",
				);
				PRODUCT_NAME = "$(TARGET_NAME)";
			};
			name = Debug;
		};
		0ECE54421DC106B5006C021F /* Release */ = {
			isa = XCBuildConfiguration;
			buildSettings = {
				GCC_C_LANGUAGE_STANDARD = c89;
				LIBRARY_SEARCH_PATHS = (
					"$(inherited)",
					"/usr/local/Cellar/json-c/0.12/lib",
				);
				OTHER_CFLAGS = (
					"-I",
					"/usr/local/Cellar/json-c/0.12/include",
				);
				PRODUCT_NAME = "$(TARGET_NAME)";
			};
			name = Release;
		};
/* End XCBuildConfiguration section */

/* Begin XCConfigurationList section */
		0ECE54341DC106B5006C021F /* Build configuration list for PBXProject "CSMapi" */ = {
			isa = XCConfigurationList;
			buildConfigurations = (
				0ECE543E1DC106B5006C021F /* Debug */,
				0ECE543F1DC106B5006C021F /* Release */,
			);
			defaultConfigurationIsVisible = 0;
			defaultConfigurationName = Release;
		};
		0ECE54401DC106B5006C021F /* Build configuration list for PBXNativeTarget "CSMapi" */ = {
			isa = XCConfigurationList;
			buildConfigurations = (
				0ECE54411DC106B5006C021F /* Debug */,
				0ECE54421DC106B5006C021F /* Release */,
			);
			defaultConfigurationIsVisible = 0;
			defaultConfigurationName = Release;
		};
/* End XCConfigurationList section */
	};
	rootObject = 0ECE54311DC106B5006C021F /* Project object */;
}
